
Microsoft Visual Studio Solution File, Format Version 12.00
# Visual Studio Version 16
VisualStudioVersion = 16.0.31025.194
MinimumVisualStudioVersion = 10.0.40219.1
Project("{FAE04EC0-301F-11D3-BF4B-00C04F79EFBC}") = "HRS", "HRS.csproj", "{DD9A9BE8-86C7-458A-9E00-5DC3CF650A58}"
EndProject
Global
	GlobalSection(SolutionConfigurationPlatforms) = preSolution
		Debug|Any CPU = Debug|Any CPU
		Release|Any CPU = Release|Any CPU
	EndGlobalSection
	GlobalSection(ProjectConfigurationPlatforms) = postSolution
		{DD9A9BE8-86C7-458A-9E00-5DC3CF650A58}.Debug|Any CPU.ActiveCfg = Debug|Any CPU
		{DD9A9BE8-86C7-458A-9E00-5DC3CF650A58}.Debug|Any CPU.Build.0 = Debug|Any CPU
		{DD9A9BE8-86C7-458A-9E00-5DC3CF650A58}.Release|Any CPU.ActiveCfg = Release|Any CPU
		{DD9A9BE8-86C7-458A-9E00-5DC3CF650A58}.Release|Any CPU.Build.0 = Release|Any CPU
	EndGlobalSection
	GlobalSection(SolutionProperties) = preSolution
		HideSolutionNode = FALSE
	EndGlobalSection
	GlobalSection(ExtensibilityGlobals) = postSolution
		SolutionGuid = {2B47E2CF-CFA7-4BFA-A347-C9A05B295A0D}
	EndGlobalSection
EndGlobal
